# This file is automatically @generated by Cargo.
# It is not intended for manual editing.
version = 4

[[package]]
name = "cargo-hybrid"
version = "0.1.0"

[[package]]
name = "compile"
version = "0.1.0"

[[package]]
name = "dev-node"
version = "0.1.0"

[[package]]
name = "node"
version = "0.1.0"

[[package]]
name = "vm"
version = "0.1.0"
